
Microsoft Visual Studio Solution File, Format Version 12.00
# Visual Studio Version 17
VisualStudioVersion = 17.8.34316.72
MinimumVisualStudioVersion = 10.0.40219.1
Project("{FAE04EC0-301F-11D3-BF4B-00C04F79EFBC}") = "StateManagementDemo", "StateManagementDemo\StateManagementDemo.csproj", "{04B35329-63E2-478A-9803-3BC54A8619FF}"
EndProject
Global
	GlobalSection(SolutionConfigurationPlatforms) = preSolution
		Debug|Any CPU = Debug|Any CPU
		Release|Any CPU = Release|Any CPU
	EndGlobalSection
	GlobalSection(ProjectConfigurationPlatforms) = postSolution
		{04B35329-63E2-478A-9803-3BC54A8619FF}.Debug|Any CPU.ActiveCfg = Debug|Any CPU
		{04B35329-63E2-478A-9803-3BC54A8619FF}.Debug|Any CPU.Build.0 = Debug|Any CPU
		{04B35329-63E2-478A-9803-3BC54A8619FF}.Release|Any CPU.ActiveCfg = Release|Any CPU
		{04B35329-63E2-478A-9803-3BC54A8619FF}.Release|Any CPU.Build.0 = Release|Any CPU
	EndGlobalSection
	GlobalSection(SolutionProperties) = preSolution
		HideSolutionNode = FALSE
	EndGlobalSection
	GlobalSection(ExtensibilityGlobals) = postSolution
		SolutionGuid = {40F44C7B-7643-4E08-8A3F-FC7252A41EDE}
	EndGlobalSection
EndGlobal
